
Microsoft Visual Studio Solution File, Format Version 12.00
# Visual Studio Version 17
VisualStudioVersion = 17.5.002.0
MinimumVisualStudioVersion = 10.0.40219.1
Project("{9A19103F-16F7-4668-BE54-9A1E7A4F7556}") = "shake-detect-service", "shake-detect-service.csproj", "{FB10D5CB-122C-4C57-B6B5-BF2BF20083FB}"
EndProject
Global
	GlobalSection(SolutionConfigurationPlatforms) = preSolution
		Debug|Any CPU = Debug|Any CPU
		Release|Any CPU = Release|Any CPU
	EndGlobalSection
	GlobalSection(ProjectConfigurationPlatforms) = postSolution
		{FB10D5CB-122C-4C57-B6B5-BF2BF20083FB}.Debug|Any CPU.ActiveCfg = Debug|Any CPU
		{FB10D5CB-122C-4C57-B6B5-BF2BF20083FB}.Debug|Any CPU.Build.0 = Debug|Any CPU
		{FB10D5CB-122C-4C57-B6B5-BF2BF20083FB}.Release|Any CPU.ActiveCfg = Release|Any CPU
		{FB10D5CB-122C-4C57-B6B5-BF2BF20083FB}.Release|Any CPU.Build.0 = Release|Any CPU
	EndGlobalSection
	GlobalSection(SolutionProperties) = preSolution
		HideSolutionNode = FALSE
	EndGlobalSection
	GlobalSection(ExtensibilityGlobals) = postSolution
		SolutionGuid = {4D3C4D44-33C4-447B-B78E-43C6B9520720}
	EndGlobalSection
EndGlobal
